
Microsoft Visual Studio Solution File, Format Version 12.00
# Visual Studio 15
VisualStudioVersion = 15.0.27004.2010
MinimumVisualStudioVersion = 10.0.40219.1
Project("{F184B08F-C81C-45F6-A57F-5ABD9991F28F}") = "maze-game-1", "maze-game-1\maze-game-1.vbproj", "{7DE0F738-A1DB-46AE-B2EC-8D0F3EC512EC}"
EndProject
Global
	GlobalSection(SolutionConfigurationPlatforms) = preSolution
		Debug|Any CPU = Debug|Any CPU
		Release|Any CPU = Release|Any CPU
	EndGlobalSection
	GlobalSection(ProjectConfigurationPlatforms) = postSolution
		{7DE0F738-A1DB-46AE-B2EC-8D0F3EC512EC}.Debug|Any CPU.ActiveCfg = Debug|Any CPU
		{7DE0F738-A1DB-46AE-B2EC-8D0F3EC512EC}.Debug|Any CPU.Build.0 = Debug|Any CPU
		{7DE0F738-A1DB-46AE-B2EC-8D0F3EC512EC}.Release|Any CPU.ActiveCfg = Release|Any CPU
		{7DE0F738-A1DB-46AE-B2EC-8D0F3EC512EC}.Release|Any CPU.Build.0 = Release|Any CPU
	EndGlobalSection
	GlobalSection(SolutionProperties) = preSolution
		HideSolutionNode = FALSE
	EndGlobalSection
	GlobalSection(ExtensibilityGlobals) = postSolution
		SolutionGuid = {CB1B74F1-A10C-49CD-94DD-A7AB3BC341C0}
	EndGlobalSection
EndGlobal
